
Microsoft Visual Studio Solution File, Format Version 12.00
# Visual Studio Version 17
VisualStudioVersion = 17.5.002.0
MinimumVisualStudioVersion = 10.0.40219.1
Project("{9A19103F-16F7-4668-BE54-9A1E7A4F7556}") = "SourceGenLogger", "./SourceGenLogger/SourceGenLogger.csproj", "{FDD9B497-6A82-4284-A9B7-70681119856B}"
EndProject
Project("{FAE04EC0-301F-11D3-BF4B-00C04F79EFBC}") = "Serilog.Enrichers.GeneratedContext", "Serilog.Enrichers.GeneratedContext\Serilog.Enrichers.GeneratedContext.csproj", "{15ABD7D8-B0D1-46C4-9EC7-CA27350DB060}"
EndProject
Project("{FAE04EC0-301F-11D3-BF4B-00C04F79EFBC}") = "Serilog.Enrichers.GeneratedContext.Attributes", "Serilog.Enrichers.GeneratedContext.Attributes\Serilog.Enrichers.GeneratedContext.Attributes.csproj", "{3D46346E-152C-466B-BFB4-170E893AB183}"
EndProject
Global
	GlobalSection(SolutionConfigurationPlatforms) = preSolution
		Debug|Any CPU = Debug|Any CPU
		Release|Any CPU = Release|Any CPU
	EndGlobalSection
	GlobalSection(ProjectConfigurationPlatforms) = postSolution
		{FDD9B497-6A82-4284-A9B7-70681119856B}.Debug|Any CPU.ActiveCfg = Debug|Any CPU
		{FDD9B497-6A82-4284-A9B7-70681119856B}.Debug|Any CPU.Build.0 = Debug|Any CPU
		{FDD9B497-6A82-4284-A9B7-70681119856B}.Release|Any CPU.ActiveCfg = Release|Any CPU
		{FDD9B497-6A82-4284-A9B7-70681119856B}.Release|Any CPU.Build.0 = Release|Any CPU
		{15ABD7D8-B0D1-46C4-9EC7-CA27350DB060}.Debug|Any CPU.ActiveCfg = Debug|Any CPU
		{15ABD7D8-B0D1-46C4-9EC7-CA27350DB060}.Debug|Any CPU.Build.0 = Debug|Any CPU
		{15ABD7D8-B0D1-46C4-9EC7-CA27350DB060}.Release|Any CPU.ActiveCfg = Release|Any CPU
		{15ABD7D8-B0D1-46C4-9EC7-CA27350DB060}.Release|Any CPU.Build.0 = Release|Any CPU
		{3D46346E-152C-466B-BFB4-170E893AB183}.Debug|Any CPU.ActiveCfg = Debug|Any CPU
		{3D46346E-152C-466B-BFB4-170E893AB183}.Debug|Any CPU.Build.0 = Debug|Any CPU
		{3D46346E-152C-466B-BFB4-170E893AB183}.Release|Any CPU.ActiveCfg = Release|Any CPU
		{3D46346E-152C-466B-BFB4-170E893AB183}.Release|Any CPU.Build.0 = Release|Any CPU
	EndGlobalSection
	GlobalSection(SolutionProperties) = preSolution
		HideSolutionNode = FALSE
	EndGlobalSection
	GlobalSection(ExtensibilityGlobals) = postSolution
		SolutionGuid = {AFB12776-DC0F-4E43-A7E6-7267A0323045}
	EndGlobalSection
EndGlobal
